// !$*UTF8*$!
{
	archiveVersion = 1;
	classes = {
	};
	objectVersion = 56;
	objects = {

/* Begin PBXBuildFile section */
		3F6FA5B02BC983C900D65B4F /* gravityApp.swift in Sources */ = {isa = PBXBuildFile; fileRef = 3F6FA5AF2BC983C900D65B4F /* gravityApp.swift */; };
		3F6FA5B22BC983C900D65B4F /* ContentView.swift in Sources */ = {isa = PBXBuildFile; fileRef = 3F6FA5B12BC983C900D65B4F /* ContentView.swift */; };
		3F6FA5B42BC983C900D65B4F /* Item.swift in Sources */ = {isa = PBXBuildFile; fileRef = 3F6FA5B32BC983C900D65B4F /* Item.swift */; };
		3F6FA5B62BC983CA00D65B4F /* Assets.xcassets in Resources */ = {isa = PBXBuildFile; fileRef = 3F6FA5B52BC983CA00D65B4F /* Assets.xcassets */; };
		3F6FA5B92BC983CA00D65B4F /* Preview Assets.xcassets in Resources */ = {isa = PBXBuildFile; fileRef = 3F6FA5B82BC983CA00D65B4F /* Preview Assets.xcassets */; };
		3F6FA5C32BC983CA00D65B4F /* gravityTests.swift in Sources */ = {isa = PBXBuildFile; fileRef = 3F6FA5C22BC983CA00D65B4F /* gravityTests.swift */; };
		3F6FA5CD2BC983CA00D65B4F /* gravityUITests.swift in Sources */ = {isa = PBXBuildFile; fileRef = 3F6FA5CC2BC983CA00D65B4F /* gravityUITests.swift */; };
		3F6FA5CF2BC983CA00D65B4F /* gravityUITestsLaunchTests.swift in Sources */ = {isa = PBXBuildFile; fileRef = 3F6FA5CE2BC983CA00D65B4F /* gravityUITestsLaunchTests.swift */; };
/* End PBXBuildFile section */

/* Begin PBXContainerItemProxy section */
		3F6FA5BF2BC983CA00D65B4F /* PBXContainerItemProxy */ = {
			isa = PBXContainerItemProxy;
			containerPortal = 3F6FA5A42BC983C900D65B4F /* Project object */;
			proxyType = 1;
			remoteGlobalIDString = 3F6FA5AB2BC983C900D65B4F;
			remoteInfo = gravity;
		};
		3F6FA5C92BC983CA00D65B4F /* PBXContainerItemProxy */ = {
			isa = PBXContainerItemProxy;
			containerPortal = 3F6FA5A42BC983C900D65B4F /* Project object */;
			proxyType = 1;
			remoteGlobalIDString = 3F6FA5AB2BC983C900D65B4F;
			remoteInfo = gravity;
		};
/* End PBXContainerItemProxy section */

/* Begin PBXFileReference section */
		3F6FA5AC2BC983C900D65B4F /* gravity.app */ = {isa = PBXFileReference; explicitFileType = wrapper.application; includeInIndex = 0; path = gravity.app; sourceTree = BUILT_PRODUCTS_DIR; };
		3F6FA5AF2BC983C900D65B4F /* gravityApp.swift */ = {isa = PBXFileReference; lastKnownFileType = sourcecode.swift; path = gravityApp.swift; sourceTree = "<group>"; };
		3F6FA5B12BC983C900D65B4F /* ContentView.swift */ = {isa = PBXFileReference; lastKnownFileType = sourcecode.swift; path = ContentView.swift; sourceTree = "<group>"; };
		3F6FA5B32BC983C900D65B4F /* Item.swift */ = {isa = PBXFileReference; lastKnownFileType = sourcecode.swift; path = Item.swift; sourceTree = "<group>"; };
		3F6FA5B52BC983CA00D65B4F /* Assets.xcassets */ = {isa = PBXFileReference; lastKnownFileType = folder.assetcatalog; path = Assets.xcassets; sourceTree = "<group>"; };
		3F6FA5B82BC983CA00D65B4F /* Preview Assets.xcassets */ = {isa = PBXFileReference; lastKnownFileType = folder.assetcatalog; path = "Preview Assets.xcassets"; sourceTree = "<group>"; };
		3F6FA5BE2BC983CA00D65B4F /* gravityTests.xctest */ = {isa = PBXFileReference; explicitFileType = wrapper.cfbundle; includeInIndex = 0; path = gravityTests.xctest; sourceTree = BUILT_PRODUCTS_DIR; };
		3F6FA5C22BC983CA00D65B4F /* gravityTests.swift */ = {isa = PBXFileReference; lastKnownFileType = sourcecode.swift; path = gravityTests.swift; sourceTree = "<group>"; };
		3F6FA5C82BC983CA00D65B4F /* gravityUITests.xctest */ = {isa = PBXFileReference; explicitFileType = wrapper.cfbundle; includeInIndex = 0; path = gravityUITests.xctest; sourceTree = BUILT_PRODUCTS_DIR; };
		3F6FA5CC2BC983CA00D65B4F /* gravityUITests.swift */ = {isa = PBXFileReference; lastKnownFileType = sourcecode.swift; path = gravityUITests.swift; sourceTree = "<group>"; };
		3F6FA5CE2BC983CA00D65B4F /* gravityUITestsLaunchTests.swift */ = {isa = PBXFileReference; lastKnownFileType = sourcecode.swift; path = gravityUITestsLaunchTests.swift; sourceTree = "<group>"; };
/* End PBXFileReference section */

/* Begin PBXFrameworksBuildPhase section */
		3F6FA5A92BC983C900D65B4F /* Frameworks */ = {
			isa = PBXFrameworksBuildPhase;
			buildActionMask = 2147483647;
			files = (
			);
			runOnlyForDeploymentPostprocessing = 0;
		};
		3F6FA5BB2BC983CA00D65B4F /* Frameworks */ = {
			isa = PBXFrameworksBuildPhase;
			buildActionMask = 2147483647;
			files = (
			);
			runOnlyForDeploymentPostprocessing = 0;
		};
		3F6FA5C52BC983CA00D65B4F /* Frameworks */ = {
			isa = PBXFrameworksBuildPhase;
			buildActionMask = 2147483647;
			files = (
			);
			runOnlyForDeploymentPostprocessing = 0;
		};
/* End PBXFrameworksBuildPhase section */

/* Begin PBXGroup section */
		3F6FA5A32BC983C900D65B4F = {
			isa = PBXGroup;
			children = (
				3F6FA5AE2BC983C900D65B4F /* gravity */,
				3F6FA5C12BC983CA00D65B4F /* gravityTests */,
				3F6FA5CB2BC983CA00D65B4F /* gravityUITests */,
				3F6FA5AD2BC983C900D65B4F /* Products */,
			);
			sourceTree = "<group>";
		};
		3F6FA5AD2BC983C900D65B4F /* Products */ = {
			isa = PBXGroup;
			children = (
				3F6FA5AC2BC983C900D65B4F /* gravity.app */,
				3F6FA5BE2BC983CA00D65B4F /* gravityTests.xctest */,
				3F6FA5C82BC983CA00D65B4F /* gravityUITests.xctest */,
			);
			name = Products;
			sourceTree = "<group>";
		};
		3F6FA5AE2BC983C900D65B4F /* gravity */ = {
			isa = PBXGroup;
			children = (
				3F6FA5AF2BC983C900D65B4F /* gravityApp.swift */,
				3F6FA5B12BC983C900D65B4F /* ContentView.swift */,
				3F6FA5B32BC983C900D65B4F /* Item.swift */,
				3F6FA5B52BC983CA00D65B4F /* Assets.xcassets */,
				3F6FA5B72BC983CA00D65B4F /* Preview Content */,
			);
			path = gravity;
			sourceTree = "<group>";
		};
		3F6FA5B72BC983CA00D65B4F /* Preview Content */ = {
			isa = PBXGroup;
			children = (
				3F6FA5B82BC983CA00D65B4F /* Preview Assets.xcassets */,
			);
			path = "Preview Content";
			sourceTree = "<group>";
		};
		3F6FA5C12BC983CA00D65B4F /* gravityTests */ = {
			isa = PBXGroup;
			children = (
				3F6FA5C22BC983CA00D65B4F /* gravityTests.swift */,
			);
			path = gravityTests;
			sourceTree = "<group>";
		};
		3F6FA5CB2BC983CA00D65B4F /* gravityUITests */ = {
			isa = PBXGroup;
			children = (
				3F6FA5CC2BC983CA00D65B4F /* gravityUITests.swift */,
				3F6FA5CE2BC983CA00D65B4F /* gravityUITestsLaunchTests.swift */,
			);
			path = gravityUITests;
			sourceTree = "<group>";
		};
/* End PBXGroup section */

/* Begin PBXNativeTarget section */
		3F6FA5AB2BC983C900D65B4F /* gravity */ = {
			isa = PBXNativeTarget;
			buildConfigurationList = 3F6FA5D22BC983CA00D65B4F /* Build configuration list for PBXNativeTarget "gravity" */;
			buildPhases = (
				3F6FA5A82BC983C900D65B4F /* Sources */,
				3F6FA5A92BC983C900D65B4F /* Frameworks */,
				3F6FA5AA2BC983C900D65B4F /* Resources */,
			);
			buildRules = (
			);
			dependencies = (
			);
			name = gravity;
			productName = gravity;
			productReference = 3F6FA5AC2BC983C900D65B4F /* gravity.app */;
			productType = "com.apple.product-type.application";
		};
		3F6FA5BD2BC983CA00D65B4F /* gravityTests */ = {
			isa = PBXNativeTarget;
			buildConfigurationList = 3F6FA5D52BC983CA00D65B4F /* Build configuration list for PBXNativeTarget "gravityTests" */;
			buildPhases = (
				3F6FA5BA2BC983CA00D65B4F /* Sources */,
				3F6FA5BB2BC983CA00D65B4F /* Frameworks */,
				3F6FA5BC2BC983CA00D65B4F /* Resources */,
			);
			buildRules = (
			);
			dependencies = (
				3F6FA5C02BC983CA00D65B4F /* PBXTargetDependency */,
			);
			name = gravityTests;
			productName = gravityTests;
			productReference = 3F6FA5BE2BC983CA00D65B4F /* gravityTests.xctest */;
			productType = "com.apple.product-type.bundle.unit-test";
		};
		3F6FA5C72BC983CA00D65B4F /* gravityUITests */ = {
			isa = PBXNativeTarget;
			buildConfigurationList = 3F6FA5D82BC983CA00D65B4F /* Build configuration list for PBXNativeTarget "gravityUITests" */;
			buildPhases = (
				3F6FA5C42BC983CA00D65B4F /* Sources */,
				3F6FA5C52BC983CA00D65B4F /* Frameworks */,
				3F6FA5C62BC983CA00D65B4F /* Resources */,
			);
			buildRules = (
			);
			dependencies = (
				3F6FA5CA2BC983CA00D65B4F /* PBXTargetDependency */,
			);
			name = gravityUITests;
			productName = gravityUITests;
			productReference = 3F6FA5C82BC983CA00D65B4F /* gravityUITests.xctest */;
			productType = "com.apple.product-type.bundle.ui-testing";
		};
/* End PBXNativeTarget section */

/* Begin PBXProject section */
		3F6FA5A42BC983C900D65B4F /* Project object */ = {
			isa = PBXProject;
			attributes = {
				BuildIndependentTargetsInParallel = 1;
				LastSwiftUpdateCheck = 1530;
				LastUpgradeCheck = 1530;
				TargetAttributes = {
					3F6FA5AB2BC983C900D65B4F = {
						CreatedOnToolsVersion = 15.3;
					};
					3F6FA5BD2BC983CA00D65B4F = {
						CreatedOnToolsVersion = 15.3;
						TestTargetID = 3F6FA5AB2BC983C900D65B4F;
					};
					3F6FA5C72BC983CA00D65B4F = {
						CreatedOnToolsVersion = 15.3;
						TestTargetID = 3F6FA5AB2BC983C900D65B4F;
					};
				};
			};
			buildConfigurationList = 3F6FA5A72BC983C900D65B4F /* Build configuration list for PBXProject "gravity" */;
			compatibilityVersion = "Xcode 14.0";
			developmentRegion = en;
			hasScannedForEncodings = 0;
			knownRegions = (
				en,
				Base,
			);
			mainGroup = 3F6FA5A32BC983C900D65B4F;
			productRefGroup = 3F6FA5AD2BC983C900D65B4F /* Products */;
			projectDirPath = "";
			projectRoot = "";
			targets = (
				3F6FA5AB2BC983C900D65B4F /* gravity */,
				3F6FA5BD2BC983CA00D65B4F /* gravityTests */,
				3F6FA5C72BC983CA00D65B4F /* gravityUITests */,
			);
		};
/* End PBXProject section */

/* Begin PBXResourcesBuildPhase section */
		3F6FA5AA2BC983C900D65B4F /* Resources */ = {
			isa = PBXResourcesBuildPhase;
			buildActionMask = 2147483647;
			files = (
				3F6FA5B92BC983CA00D65B4F /* Preview Assets.xcassets in Resources */,
				3F6FA5B62BC983CA00D65B4F /* Assets.xcassets in Resources */,
			);
			runOnlyForDeploymentPostprocessing = 0;
		};
		3F6FA5BC2BC983CA00D65B4F /* Resources */ = {
			isa = PBXResourcesBuildPhase;
			buildActionMask = 2147483647;
			files = (
			);
			runOnlyForDeploymentPostprocessing = 0;
		};
		3F6FA5C62BC983CA00D65B4F /* Resources */ = {
			isa = PBXResourcesBuildPhase;
			buildActionMask = 2147483647;
			files = (
			);
			runOnlyForDeploymentPostprocessing = 0;
		};
/* End PBXResourcesBuildPhase section */

/* Begin PBXSourcesBuildPhase section */
		3F6FA5A82BC983C900D65B4F /* Sources */ = {
			isa = PBXSourcesBuildPhase;
			buildActionMask = 2147483647;
			files = (
				3F6FA5B22BC983C900D65B4F /* ContentView.swift in Sources */,
				3F6FA5B42BC983C900D65B4F /* Item.swift in Sources */,
				3F6FA5B02BC983C900D65B4F /* gravityApp.swift in Sources */,
			);
			runOnlyForDeploymentPostprocessing = 0;
		};
		3F6FA5BA2BC983CA00D65B4F /* Sources */ = {
			isa = PBXSourcesBuildPhase;
			buildActionMask = 2147483647;
			files = (
				3F6FA5C32BC983CA00D65B4F /* gravityTests.swift in Sources */,
			);
			runOnlyForDeploymentPostprocessing = 0;
		};
		3F6FA5C42BC983CA00D65B4F /* Sources */ = {
			isa = PBXSourcesBuildPhase;
			buildActionMask = 2147483647;
			files = (
				3F6FA5CD2BC983CA00D65B4F /* gravityUITests.swift in Sources */,
				3F6FA5CF2BC983CA00D65B4F /* gravityUITestsLaunchTests.swift in Sources */,
			);
			runOnlyForDeploymentPostprocessing = 0;
		};
/* End PBXSourcesBuildPhase section */

/* Begin PBXTargetDependency section */
		3F6FA5C02BC983CA00D65B4F /* PBXTargetDependency */ = {
			isa = PBXTargetDependency;
			target = 3F6FA5AB2BC983C900D65B4F /* gravity */;
			targetProxy = 3F6FA5BF2BC983CA00D65B4F /* PBXContainerItemProxy */;
		};
		3F6FA5CA2BC983CA00D65B4F /* PBXTargetDependency */ = {
			isa = PBXTargetDependency;
			target = 3F6FA5AB2BC983C900D65B4F /* gravity */;
			targetProxy = 3F6FA5C92BC983CA00D65B4F /* PBXContainerItemProxy */;
		};
/* End PBXTargetDependency section */

/* Begin XCBuildConfiguration section */
		3F6FA5D02BC983CA00D65B4F /* Debug */ = {
			isa = XCBuildConfiguration;
			buildSettings = {
				ALWAYS_SEARCH_USER_PATHS = NO;
				ASSETCATALOG_COMPILER_GENERATE_SWIFT_ASSET_SYMBOL_EXTENSIONS = YES;
				CLANG_ANALYZER_NONNULL = YES;
				CLANG_ANALYZER_NUMBER_OBJECT_CONVERSION = YES_AGGRESSIVE;
				CLANG_CXX_LANGUAGE_STANDARD = "gnu++20";
				CLANG_ENABLE_MODULES = YES;
				CLANG_ENABLE_OBJC_ARC = YES;
				CLANG_ENABLE_OBJC_WEAK = YES;
				CLANG_WARN_BLOCK_CAPTURE_AUTORELEASING = YES;
				CLANG_WARN_BOOL_CONVERSION = YES;
				CLANG_WARN_COMMA = YES;
				CLANG_WARN_CONSTANT_CONVERSION = YES;
				CLANG_WARN_DEPRECATED_OBJC_IMPLEMENTATIONS = YES;
				CLANG_WARN_DIRECT_OBJC_ISA_USAGE = YES_ERROR;
				CLANG_WARN_DOCUMENTATION_COMMENTS = YES;
				CLANG_WARN_EMPTY_BODY = YES;
				CLANG_WARN_ENUM_CONVERSION = YES;
				CLANG_WARN_INFINITE_RECURSION = YES;
				CLANG_WARN_INT_CONVERSION = YES;
				CLANG_WARN_NON_LITERAL_NULL_CONVERSION = YES;
				CLANG_WARN_OBJC_IMPLICIT_RETAIN_SELF = YES;
				CLANG_WARN_OBJC_LITERAL_CONVERSION = YES;
				CLANG_WARN_OBJC_ROOT_CLASS = YES_ERROR;
				CLANG_WARN_QUOTED_INCLUDE_IN_FRAMEWORK_HEADER = YES;
				CLANG_WARN_RANGE_LOOP_ANALYSIS = YES;
				CLANG_WARN_STRICT_PROTOTYPES = YES;
				CLANG_WARN_SUSPICIOUS_MOVE = YES;
				CLANG_WARN_UNGUARDED_AVAILABILITY = YES_AGGRESSIVE;
				CLANG_WARN_UNREACHABLE_CODE = YES;
				CLANG_WARN__DUPLICATE_METHOD_MATCH = YES;
				COPY_PHASE_STRIP = NO;
				DEBUG_INFORMATION_FORMAT = dwarf;
				ENABLE_STRICT_OBJC_MSGSEND = YES;
				ENABLE_TESTABILITY = YES;
				ENABLE_USER_SCRIPT_SANDBOXING = YES;
				GCC_C_LANGUAGE_STANDARD = gnu17;
				GCC_DYNAMIC_NO_PIC = NO;
				GCC_NO_COMMON_BLOCKS = YES;
				GCC_OPTIMIZATION_LEVEL = 0;
				GCC_PREPROCESSOR_DEFINITIONS = (
					"DEBUG=1",
					"$(inherited)",
				);
				GCC_WARN_64_TO_32_BIT_CONVERSION = YES;
				GCC_WARN_ABOUT_RETURN_TYPE = YES_ERROR;
				GCC_WARN_UNDECLARED_SELECTOR = YES;
				GCC_WARN_UNINITIALIZED_AUTOS = YES_AGGRESSIVE;
				GCC_WARN_UNUSED_FUNCTION = YES;
				GCC_WARN_UNUSED_VARIABLE = YES;
				IPHONEOS_DEPLOYMENT_TARGET = 17.4;
				LOCALIZATION_PREFERS_STRING_CATALOGS = YES;
				MTL_ENABLE_DEBUG_INFO = INCLUDE_SOURCE;
				MTL_FAST_MATH = YES;
				ONLY_ACTIVE_ARCH = YES;
				SDKROOT = iphoneos;
				SWIFT_ACTIVE_COMPILATION_CONDITIONS = "DEBUG $(inherited)";
				SWIFT_OPTIMIZATION_LEVEL = "-Onone";
			};
			name = Debug;
		};
		3F6FA5D12BC983CA00D65B4F /* Release */ = {
			isa = XCBuildConfiguration;
			buildSettings = {
				ALWAYS_SEARCH_USER_PATHS = NO;
				ASSETCATALOG_COMPILER_GENERATE_SWIFT_ASSET_SYMBOL_EXTENSIONS = YES;
				CLANG_ANALYZER_NONNULL = YES;
				CLANG_ANALYZER_NUMBER_OBJECT_CONVERSION = YES_AGGRESSIVE;
				CLANG_CXX_LANGUAGE_STANDARD = "gnu++20";
				CLANG_ENABLE_MODULES = YES;
				CLANG_ENABLE_OBJC_ARC = YES;
				CLANG_ENABLE_OBJC_WEAK = YES;
				CLANG_WARN_BLOCK_CAPTURE_AUTORELEASING = YES;
				CLANG_WARN_BOOL_CONVERSION = YES;
				CLANG_WARN_COMMA = YES;
				CLANG_WARN_CONSTANT_CONVERSION = YES;
				CLANG_WARN_DEPRECATED_OBJC_IMPLEMENTATIONS = YES;
				CLANG_WARN_DIRECT_OBJC_ISA_USAGE = YES_ERROR;
				CLANG_WARN_DOCUMENTATION_COMMENTS = YES;
				CLANG_WARN_EMPTY_BODY = YES;
				CLANG_WARN_ENUM_CONVERSION = YES;
				CLANG_WARN_INFINITE_RECURSION = YES;
				CLANG_WARN_INT_CONVERSION = YES;
				CLANG_WARN_NON_LITERAL_NULL_CONVERSION = YES;
				CLANG_WARN_OBJC_IMPLICIT_RETAIN_SELF = YES;
				CLANG_WARN_OBJC_LITERAL_CONVERSION = YES;
				CLANG_WARN_OBJC_ROOT_CLASS = YES_ERROR;
				CLANG_WARN_QUOTED_INCLUDE_IN_FRAMEWORK_HEADER = YES;
				CLANG_WARN_RANGE_LOOP_ANALYSIS = YES;
				CLANG_WARN_STRICT_PROTOTYPES = YES;
				CLANG_WARN_SUSPICIOUS_MOVE = YES;
				CLANG_WARN_UNGUARDED_AVAILABILITY = YES_AGGRESSIVE;
				CLANG_WARN_UNREACHABLE_CODE = YES;
				CLANG_WARN__DUPLICATE_METHOD_MATCH = YES;
				COPY_PHASE_STRIP = NO;
				DEBUG_INFORMATION_FORMAT = "dwarf-with-dsym";
				ENABLE_NS_ASSERTIONS = NO;
				ENABLE_STRICT_OBJC_MSGSEND = YES;
				ENABLE_USER_SCRIPT_SANDBOXING = YES;
				GCC_C_LANGUAGE_STANDARD = gnu17;
				GCC_NO_COMMON_BLOCKS = YES;
				GCC_WARN_64_TO_32_BIT_CONVERSION = YES;
				GCC_WARN_ABOUT_RETURN_TYPE = YES_ERROR;
				GCC_WARN_UNDECLARED_SELECTOR = YES;
				GCC_WARN_UNINITIALIZED_AUTOS = YES_AGGRESSIVE;
				GCC_WARN_UNUSED_FUNCTION = YES;
				GCC_WARN_UNUSED_VARIABLE = YES;
				IPHONEOS_DEPLOYMENT_TARGET = 17.4;
				LOCALIZATION_PREFERS_STRING_CATALOGS = YES;
				MTL_ENABLE_DEBUG_INFO = NO;
				MTL_FAST_MATH = YES;
				SDKROOT = iphoneos;
				SWIFT_COMPILATION_MODE = wholemodule;
				VALIDATE_PRODUCT = YES;
			};
			name = Release;
		};
		3F6FA5D32BC983CA00D65B4F /* Debug */ = {
			isa = XCBuildConfiguration;
			buildSettings = {
				ASSETCATALOG_COMPILER_APPICON_NAME = AppIcon;
				ASSETCATALOG_COMPILER_GLOBAL_ACCENT_COLOR_NAME = AccentColor;
				CODE_SIGN_STYLE = Automatic;
				CURRENT_PROJECT_VERSION = 1;
				DEVELOPMENT_ASSET_PATHS = "\"gravity/Preview Content\"";
				DEVELOPMENT_TEAM = 33DN96GXH8;
				ENABLE_PREVIEWS = YES;
				GENERATE_INFOPLIST_FILE = YES;
				INFOPLIST_KEY_UIApplicationSceneManifest_Generation = YES;
				INFOPLIST_KEY_UIApplicationSupportsIndirectInputEvents = YES;
				INFOPLIST_KEY_UILaunchScreen_Generation = YES;
				INFOPLIST_KEY_UISupportedInterfaceOrientations = UIInterfaceOrientationPortrait;
				LD_RUNPATH_SEARCH_PATHS = (
					"$(inherited)",
					"@executable_path/Frameworks",
				);
				MARKETING_VERSION = 1.0;
				PRODUCT_BUNDLE_IDENTIFIER = morokoshi.gravity;
				PRODUCT_NAME = "$(TARGET_NAME)";
				SWIFT_EMIT_LOC_STRINGS = YES;
				SWIFT_VERSION = 5.0;
				TARGETED_DEVICE_FAMILY = "1,2";
			};
			name = Debug;
		};
		3F6FA5D42BC983CA00D65B4F /* Release */ = {
			isa = XCBuildConfiguration;
			buildSettings = {
				ASSETCATALOG_COMPILER_APPICON_NAME = AppIcon;
				ASSETCATALOG_COMPILER_GLOBAL_ACCENT_COLOR_NAME = AccentColor;
				CODE_SIGN_STYLE = Automatic;
				CURRENT_PROJECT_VERSION = 1;
				DEVELOPMENT_ASSET_PATHS = "\"gravity/Preview Content\"";
				DEVELOPMENT_TEAM = 33DN96GXH8;
				ENABLE_PREVIEWS = YES;
				GENERATE_INFOPLIST_FILE = YES;
				INFOPLIST_KEY_UIApplicationSceneManifest_Generation = YES;
				INFOPLIST_KEY_UIApplicationSupportsIndirectInputEvents = YES;
				INFOPLIST_KEY_UILaunchScreen_Generation = YES;
				INFOPLIST_KEY_UISupportedInterfaceOrientations = UIInterfaceOrientationPortrait;
				LD_RUNPATH_SEARCH_PATHS = (
					"$(inherited)",
					"@executable_path/Frameworks",
				);
				MARKETING_VERSION = 1.0;
				PRODUCT_BUNDLE_IDENTIFIER = morokoshi.gravity;
				PRODUCT_NAME = "$(TARGET_NAME)";
				SWIFT_EMIT_LOC_STRINGS = YES;
				SWIFT_VERSION = 5.0;
				TARGETED_DEVICE_FAMILY = "1,2";
			};
			name = Release;
		};
		3F6FA5D62BC983CA00D65B4F /* Debug */ = {
			isa = XCBuildConfiguration;
			buildSettings = {
				ALWAYS_EMBED_SWIFT_STANDARD_LIBRARIES = YES;
				BUNDLE_LOADER = "$(TEST_HOST)";
				CODE_SIGN_STYLE = Automatic;
				CURRENT_PROJECT_VERSION = 1;
				DEVELOPMENT_TEAM = 33DN96GXH8;
				GENERATE_INFOPLIST_FILE = YES;
				IPHONEOS_DEPLOYMENT_TARGET = 17.4;
				MARKETING_VERSION = 1.0;
				PRODUCT_BUNDLE_IDENTIFIER = morokoshi.gravityTests;
				PRODUCT_NAME = "$(TARGET_NAME)";
				SWIFT_EMIT_LOC_STRINGS = NO;
				SWIFT_VERSION = 5.0;
				TARGETED_DEVICE_FAMILY = "1,2";
				TEST_HOST = "$(BUILT_PRODUCTS_DIR)/gravity.app/$(BUNDLE_EXECUTABLE_FOLDER_PATH)/gravity";
			};
			name = Debug;
		};
		3F6FA5D72BC983CA00D65B4F /* Release */ = {
			isa = XCBuildConfiguration;
			buildSettings = {
				ALWAYS_EMBED_SWIFT_STANDARD_LIBRARIES = YES;
				BUNDLE_LOADER = "$(TEST_HOST)";
				CODE_SIGN_STYLE = Automatic;
				CURRENT_PROJECT_VERSION = 1;
				DEVELOPMENT_TEAM = 33DN96GXH8;
				GENERATE_INFOPLIST_FILE = YES;
				IPHONEOS_DEPLOYMENT_TARGET = 17.4;
				MARKETING_VERSION = 1.0;
				PRODUCT_BUNDLE_IDENTIFIER = morokoshi.gravityTests;
				PRODUCT_NAME = "$(TARGET_NAME)";
				SWIFT_EMIT_LOC_STRINGS = NO;
				SWIFT_VERSION = 5.0;
				TARGETED_DEVICE_FAMILY = "1,2";
				TEST_HOST = "$(BUILT_PRODUCTS_DIR)/gravity.app/$(BUNDLE_EXECUTABLE_FOLDER_PATH)/gravity";
			};
			name = Release;
		};
		3F6FA5D92BC983CA00D65B4F /* Debug */ = {
			isa = XCBuildConfiguration;
			buildSettings = {
				ALWAYS_EMBED_SWIFT_STANDARD_LIBRARIES = YES;
				CODE_SIGN_STYLE = Automatic;
				CURRENT_PROJECT_VERSION = 1;
				DEVELOPMENT_TEAM = 33DN96GXH8;
				GENERATE_INFOPLIST_FILE = YES;
				MARKETING_VERSION = 1.0;
				PRODUCT_BUNDLE_IDENTIFIER = morokoshi.gravityUITests;
				PRODUCT_NAME = "$(TARGET_NAME)";
				SWIFT_EMIT_LOC_STRINGS = NO;
				SWIFT_VERSION = 5.0;
				TARGETED_DEVICE_FAMILY = "1,2";
				TEST_TARGET_NAME = gravity;
			};
			name = Debug;
		};
		3F6FA5DA2BC983CA00D65B4F /* Release */ = {
			isa = XCBuildConfiguration;
			buildSettings = {
				ALWAYS_EMBED_SWIFT_STANDARD_LIBRARIES = YES;
				CODE_SIGN_STYLE = Automatic;
				CURRENT_PROJECT_VERSION = 1;
				DEVELOPMENT_TEAM = 33DN96GXH8;
				GENERATE_INFOPLIST_FILE = YES;
				MARKETING_VERSION = 1.0;
				PRODUCT_BUNDLE_IDENTIFIER = morokoshi.gravityUITests;
				PRODUCT_NAME = "$(TARGET_NAME)";
				SWIFT_EMIT_LOC_STRINGS = NO;
				SWIFT_VERSION = 5.0;
				TARGETED_DEVICE_FAMILY = "1,2";
				TEST_TARGET_NAME = gravity;
			};
			name = Release;
		};
/* End XCBuildConfiguration section */

/* Begin XCConfigurationList section */
		3F6FA5A72BC983C900D65B4F /* Build configuration list for PBXProject "gravity" */ = {
			isa = XCConfigurationList;
			buildConfigurations = (
				3F6FA5D02BC983CA00D65B4F /* Debug */,
				3F6FA5D12BC983CA00D65B4F /* Release */,
			);
			defaultConfigurationIsVisible = 0;
			defaultConfigurationName = Release;
		};
		3F6FA5D22BC983CA00D65B4F /* Build configuration list for PBXNativeTarget "gravity" */ = {
			isa = XCConfigurationList;
			buildConfigurations = (
				3F6FA5D32BC983CA00D65B4F /* Debug */,
				3F6FA5D42BC983CA00D65B4F /* Release */,
			);
			defaultConfigurationIsVisible = 0;
			defaultConfigurationName = Release;
		};
		3F6FA5D52BC983CA00D65B4F /* Build configuration list for PBXNativeTarget "gravityTests" */ = {
			isa = XCConfigurationList;
			buildConfigurations = (
				3F6FA5D62BC983CA00D65B4F /* Debug */,
				3F6FA5D72BC983CA00D65B4F /* Release */,
			);
			defaultConfigurationIsVisible = 0;
			defaultConfigurationName = Release;
		};
		3F6FA5D82BC983CA00D65B4F /* Build configuration list for PBXNativeTarget "gravityUITests" */ = {
			isa = XCConfigurationList;
			buildConfigurations = (
				3F6FA5D92BC983CA00D65B4F /* Debug */,
				3F6FA5DA2BC983CA00D65B4F /* Release */,
			);
			defaultConfigurationIsVisible = 0;
			defaultConfigurationName = Release;
		};
/* End XCConfigurationList section */
	};
	rootObject = 3F6FA5A42BC983C900D65B4F /* Project object */;
}
